
Microsoft Visual Studio Solution File, Format Version 12.00
# Visual Studio Version 16
VisualStudioVersion = 16.0.29123.88
MinimumVisualStudioVersion = 10.0.40219.1
Project("{FAE04EC0-301F-11D3-BF4B-00C04F79EFBC}") = "MyWebServer", "MyWebServer\MyWebServer.csproj", "{F77521E6-FF8A-4795-9046-9556640CF405}"
EndProject
Global
	GlobalSection(SolutionConfigurationPlatforms) = preSolution
		Debug|Any CPU = Debug|Any CPU
		Release|Any CPU = Release|Any CPU
	EndGlobalSection
	GlobalSection(ProjectConfigurationPlatforms) = postSolution
		{F77521E6-FF8A-4795-9046-9556640CF405}.Debug|Any CPU.ActiveCfg = Debug|Any CPU
		{F77521E6-FF8A-4795-9046-9556640CF405}.Debug|Any CPU.Build.0 = Debug|Any CPU
		{F77521E6-FF8A-4795-9046-9556640CF405}.Release|Any CPU.ActiveCfg = Release|Any CPU
		{F77521E6-FF8A-4795-9046-9556640CF405}.Release|Any CPU.Build.0 = Release|Any CPU
	EndGlobalSection
	GlobalSection(SolutionProperties) = preSolution
		HideSolutionNode = FALSE
	EndGlobalSection
	GlobalSection(ExtensibilityGlobals) = postSolution
		SolutionGuid = {CACAB72E-AC77-49B2-A79E-472242A4BD2F}
	EndGlobalSection
EndGlobal
